
Microsoft Visual Studio Solution File, Format Version 12.00
# Visual Studio 14
VisualStudioVersion = 14.0.25420.1
MinimumVisualStudioVersion = 10.0.40219.1
Project("{FAE04EC0-301F-11D3-BF4B-00C04F79EFBC}") = "FrontCode", "FrontCode\FrontCode.csproj", "{A67652BE-2F3F-4625-A3CF-2784A2B05ABB}"
EndProject
Project("{FAE04EC0-301F-11D3-BF4B-00C04F79EFBC}") = "BusinessAccessLayer", "BusinessAccessLayer\BusinessAccessLayer.csproj", "{32F70C87-16DB-4A5A-82E7-775127590F3A}"
EndProject
Project("{FAE04EC0-301F-11D3-BF4B-00C04F79EFBC}") = "DataAccessLayer", "DataAccessLayer\DataAccessLayer.csproj", "{FF4E40BD-9808-4925-9692-0E25247C5C67}"
EndProject
Global
	GlobalSection(SolutionConfigurationPlatforms) = preSolution
		Debug|Any CPU = Debug|Any CPU
		Release|Any CPU = Release|Any CPU
	EndGlobalSection
	GlobalSection(ProjectConfigurationPlatforms) = postSolution
		{A67652BE-2F3F-4625-A3CF-2784A2B05ABB}.Debug|Any CPU.ActiveCfg = Debug|Any CPU
		{A67652BE-2F3F-4625-A3CF-2784A2B05ABB}.Debug|Any CPU.Build.0 = Debug|Any CPU
		{A67652BE-2F3F-4625-A3CF-2784A2B05ABB}.Release|Any CPU.ActiveCfg = Release|Any CPU
		{A67652BE-2F3F-4625-A3CF-2784A2B05ABB}.Release|Any CPU.Build.0 = Release|Any CPU
		{32F70C87-16DB-4A5A-82E7-775127590F3A}.Debug|Any CPU.ActiveCfg = Debug|Any CPU
		{32F70C87-16DB-4A5A-82E7-775127590F3A}.Debug|Any CPU.Build.0 = Debug|Any CPU
		{32F70C87-16DB-4A5A-82E7-775127590F3A}.Release|Any CPU.ActiveCfg = Release|Any CPU
		{32F70C87-16DB-4A5A-82E7-775127590F3A}.Release|Any CPU.Build.0 = Release|Any CPU
		{FF4E40BD-9808-4925-9692-0E25247C5C67}.Debug|Any CPU.ActiveCfg = Debug|Any CPU
		{FF4E40BD-9808-4925-9692-0E25247C5C67}.Debug|Any CPU.Build.0 = Debug|Any CPU
		{FF4E40BD-9808-4925-9692-0E25247C5C67}.Release|Any CPU.ActiveCfg = Release|Any CPU
		{FF4E40BD-9808-4925-9692-0E25247C5C67}.Release|Any CPU.Build.0 = Release|Any CPU
	EndGlobalSection
	GlobalSection(SolutionProperties) = preSolution
		HideSolutionNode = FALSE
	EndGlobalSection
EndGlobal
